
Microsoft Visual Studio Solution File, Format Version 12.00
# Visual Studio Version 16
VisualStudioVersion = 16.0.29324.140
MinimumVisualStudioVersion = 10.0.40219.1
Project("{FAE04EC0-301F-11D3-BF4B-00C04F79EFBC}") = "MarkerSample.UWP", "MarkerSample\MarkerSample.UWP\MarkerSample.UWP.csproj", "{CAC6A204-9101-43B8-BFA5-389BB1F0695B}"
EndProject
Project("{FAE04EC0-301F-11D3-BF4B-00C04F79EFBC}") = "MarkerSample.Android", "MarkerSample\MarkerSample.Android\MarkerSample.Android.csproj", "{58F255C1-B938-4C1C-9A9F-BDC889368AFD}"
EndProject
Project("{FAE04EC0-301F-11D3-BF4B-00C04F79EFBC}") = "MarkerSample.iOS", "MarkerSample\MarkerSample.iOS\MarkerSample.iOS.csproj", "{9DFCB202-0558-4709-822E-2CF166132310}"
EndProject
Project("{FAE04EC0-301F-11D3-BF4B-00C04F79EFBC}") = "MarkerSample", "MarkerSample\MarkerSample\MarkerSample.csproj", "{042A5EAB-D4A6-4A39-ACD2-4A022ACBE48F}"
EndProject
Global
	GlobalSection(SolutionConfigurationPlatforms) = preSolution
		Debug|Any CPU = Debug|Any CPU
		Debug|ARM = Debug|ARM
		Debug|iPhone = Debug|iPhone
		Debug|iPhoneSimulator = Debug|iPhoneSimulator
		Debug|x64 = Debug|x64
		Debug|x86 = Debug|x86
		Release|Any CPU = Release|Any CPU
		Release|ARM = Release|ARM
		Release|iPhone = Release|iPhone
		Release|iPhoneSimulator = Release|iPhoneSimulator
		Release|x64 = Release|x64
		Release|x86 = Release|x86
	EndGlobalSection
	GlobalSection(ProjectConfigurationPlatforms) = postSolution
		{CAC6A204-9101-43B8-BFA5-389BB1F0695B}.Debug|Any CPU.ActiveCfg = Debug|x86
		{CAC6A204-9101-43B8-BFA5-389BB1F0695B}.Debug|Any CPU.Build.0 = Debug|x86
		{CAC6A204-9101-43B8-BFA5-389BB1F0695B}.Debug|Any CPU.Deploy.0 = Debug|x86
		{CAC6A204-9101-43B8-BFA5-389BB1F0695B}.Debug|ARM.ActiveCfg = Debug|ARM
		{CAC6A204-9101-43B8-BFA5-389BB1F0695B}.Debug|ARM.Build.0 = Debug|ARM
		{CAC6A204-9101-43B8-BFA5-389BB1F0695B}.Debug|ARM.Deploy.0 = Debug|ARM
		{CAC6A204-9101-43B8-BFA5-389BB1F0695B}.Debug|iPhone.ActiveCfg = Debug|x86
		{CAC6A204-9101-43B8-BFA5-389BB1F0695B}.Debug|iPhone.Build.0 = Debug|x86
		{CAC6A204-9101-43B8-BFA5-389BB1F0695B}.Debug|iPhone.Deploy.0 = Debug|x86
		{CAC6A204-9101-43B8-BFA5-389BB1F0695B}.Debug|iPhoneSimulator.ActiveCfg = Debug|x86
		{CAC6A204-9101-43B8-BFA5-389BB1F0695B}.Debug|iPhoneSimulator.Build.0 = Debug|x86
		{CAC6A204-9101-43B8-BFA5-389BB1F0695B}.Debug|iPhoneSimulator.Deploy.0 = Debug|x86
		{CAC6A204-9101-43B8-BFA5-389BB1F0695B}.Debug|x64.ActiveCfg = Debug|x64
		{CAC6A204-9101-43B8-BFA5-389BB1F0695B}.Debug|x64.Build.0 = Debug|x64
		{CAC6A204-9101-43B8-BFA5-389BB1F0695B}.Debug|x64.Deploy.0 = Debug|x64
		{CAC6A204-9101-43B8-BFA5-389BB1F0695B}.Debug|x86.ActiveCfg = Debug|x86
		{CAC6A204-9101-43B8-BFA5-389BB1F0695B}.Debug|x86.Build.0 = Debug|x86
		{CAC6A204-9101-43B8-BFA5-389BB1F0695B}.Debug|x86.Deploy.0 = Debug|x86
		{CAC6A204-9101-43B8-BFA5-389BB1F0695B}.Release|Any CPU.ActiveCfg = Release|x86
		{CAC6A204-9101-43B8-BFA5-389BB1F0695B}.Release|Any CPU.Build.0 = Release|x86
		{CAC6A204-9101-43B8-BFA5-389BB1F0695B}.Release|Any CPU.Deploy.0 = Release|x86
		{CAC6A204-9101-43B8-BFA5-389BB1F0695B}.Release|ARM.ActiveCfg = Release|ARM
		{CAC6A204-9101-43B8-BFA5-389BB1F0695B}.Release|ARM.Build.0 = Release|ARM
		{CAC6A204-9101-43B8-BFA5-389BB1F0695B}.Release|ARM.Deploy.0 = Release|ARM
		{CAC6A204-9101-43B8-BFA5-389BB1F0695B}.Release|iPhone.ActiveCfg = Release|x86
		{CAC6A204-9101-43B8-BFA5-389BB1F0695B}.Release|iPhone.Build.0 = Release|x86
		{CAC6A204-9101-43B8-BFA5-389BB1F0695B}.Release|iPhone.Deploy.0 = Release|x86
		{CAC6A204-9101-43B8-BFA5-389BB1F0695B}.Release|iPhoneSimulator.ActiveCfg = Release|x86
		{CAC6A204-9101-43B8-BFA5-389BB1F0695B}.Release|iPhoneSimulator.Build.0 = Release|x86
		{CAC6A204-9101-43B8-BFA5-389BB1F0695B}.Release|iPhoneSimulator.Deploy.0 = Release|x86
		{CAC6A204-9101-43B8-BFA5-389BB1F0695B}.Release|x64.ActiveCfg = Release|x64
		{CAC6A204-9101-43B8-BFA5-389BB1F0695B}.Release|x64.Build.0 = Release|x64
		{CAC6A204-9101-43B8-BFA5-389BB1F0695B}.Release|x64.Deploy.0 = Release|x64
		{CAC6A204-9101-43B8-BFA5-389BB1F0695B}.Release|x86.ActiveCfg = Release|x86
		{CAC6A204-9101-43B8-BFA5-389BB1F0695B}.Release|x86.Build.0 = Release|x86
		{CAC6A204-9101-43B8-BFA5-389BB1F0695B}.Release|x86.Deploy.0 = Release|x86
		{58F255C1-B938-4C1C-9A9F-BDC889368AFD}.Debug|Any CPU.ActiveCfg = Debug|Any CPU
		{58F255C1-B938-4C1C-9A9F-BDC889368AFD}.Debug|Any CPU.Build.0 = Debug|Any CPU
		{58F255C1-B938-4C1C-9A9F-BDC889368AFD}.Debug|Any CPU.Deploy.0 = Debug|Any CPU
		{58F255C1-B938-4C1C-9A9F-BDC889368AFD}.Debug|ARM.ActiveCfg = Debug|Any CPU
		{58F255C1-B938-4C1C-9A9F-BDC889368AFD}.Debug|ARM.Build.0 = Debug|Any CPU
		{58F255C1-B938-4C1C-9A9F-BDC889368AFD}.Debug|ARM.Deploy.0 = Debug|Any CPU
		{58F255C1-B938-4C1C-9A9F-BDC889368AFD}.Debug|iPhone.ActiveCfg = Debug|Any CPU
		{58F255C1-B938-4C1C-9A9F-BDC889368AFD}.Debug|iPhone.Build.0 = Debug|Any CPU
		{58F255C1-B938-4C1C-9A9F-BDC889368AFD}.Debug|iPhone.Deploy.0 = Debug|Any CPU
		{58F255C1-B938-4C1C-9A9F-BDC889368AFD}.Debug|iPhoneSimulator.ActiveCfg = Debug|Any CPU
		{58F255C1-B938-4C1C-9A9F-BDC889368AFD}.Debug|iPhoneSimulator.Build.0 = Debug|Any CPU
		{58F255C1-B938-4C1C-9A9F-BDC889368AFD}.Debug|iPhoneSimulator.Deploy.0 = Debug|Any CPU
		{58F255C1-B938-4C1C-9A9F-BDC889368AFD}.Debug|x64.ActiveCfg = Debug|Any CPU
		{58F255C1-B938-4C1C-9A9F-BDC889368AFD}.Debug|x64.Build.0 = Debug|Any CPU
		{58F255C1-B938-4C1C-9A9F-BDC889368AFD}.Debug|x64.Deploy.0 = Debug|Any CPU
		{58F255C1-B938-4C1C-9A9F-BDC889368AFD}.Debug|x86.ActiveCfg = Debug|Any CPU
		{58F255C1-B938-4C1C-9A9F-BDC889368AFD}.Debug|x86.Build.0 = Debug|Any CPU
		{58F255C1-B938-4C1C-9A9F-BDC889368AFD}.Debug|x86.Deploy.0 = Debug|Any CPU
		{58F255C1-B938-4C1C-9A9F-BDC889368AFD}.Release|Any CPU.ActiveCfg = Release|Any CPU
		{58F255C1-B938-4C1C-9A9F-BDC889368AFD}.Release|Any CPU.Build.0 = Release|Any CPU
		{58F255C1-B938-4C1C-9A9F-BDC889368AFD}.Release|Any CPU.Deploy.0 = Release|Any CPU
		{58F255C1-B938-4C1C-9A9F-BDC889368AFD}.Release|ARM.ActiveCfg = Release|Any CPU
		{58F255C1-B938-4C1C-9A9F-BDC889368AFD}.Release|ARM.Build.0 = Release|Any CPU
		{58F255C1-B938-4C1C-9A9F-BDC889368AFD}.Release|ARM.Deploy.0 = Release|Any CPU
		{58F255C1-B938-4C1C-9A9F-BDC889368AFD}.Release|iPhone.ActiveCfg = Release|Any CPU
		{58F255C1-B938-4C1C-9A9F-BDC889368AFD}.Release|iPhone.Build.0 = Release|Any CPU
		{58F255C1-B938-4C1C-9A9F-BDC889368AFD}.Release|iPhone.Deploy.0 = Release|Any CPU
		{58F255C1-B938-4C1C-9A9F-BDC889368AFD}.Release|iPhoneSimulator.ActiveCfg = Release|Any CPU
		{58F255C1-B938-4C1C-9A9F-BDC889368AFD}.Release|iPhoneSimulator.Build.0 = Release|Any CPU
		{58F255C1-B938-4C1C-9A9F-BDC889368AFD}.Release|iPhoneSimulator.Deploy.0 = Release|Any CPU
		{58F255C1-B938-4C1C-9A9F-BDC889368AFD}.Release|x64.ActiveCfg = Release|Any CPU
		{58F255C1-B938-4C1C-9A9F-BDC889368AFD}.Release|x64.Build.0 = Release|Any CPU
		{58F255C1-B938-4C1C-9A9F-BDC889368AFD}.Release|x64.Deploy.0 = Release|Any CPU
		{58F255C1-B938-4C1C-9A9F-BDC889368AFD}.Release|x86.ActiveCfg = Release|Any CPU
		{58F255C1-B938-4C1C-9A9F-BDC889368AFD}.Release|x86.Build.0 = Release|Any CPU
		{58F255C1-B938-4C1C-9A9F-BDC889368AFD}.Release|x86.Deploy.0 = Release|Any CPU
		{9DFCB202-0558-4709-822E-2CF166132310}.Debug|Any CPU.ActiveCfg = Debug|iPhone
		{9DFCB202-0558-4709-822E-2CF166132310}.Debug|Any CPU.Build.0 = Debug|iPhone
		{9DFCB202-0558-4709-822E-2CF166132310}.Debug|Any CPU.Deploy.0 = Debug|iPhone
		{9DFCB202-0558-4709-822E-2CF166132310}.Debug|ARM.ActiveCfg = Debug|iPhoneSimulator
		{9DFCB202-0558-4709-822E-2CF166132310}.Debug|ARM.Build.0 = Debug|iPhoneSimulator
		{9DFCB202-0558-4709-822E-2CF166132310}.Debug|ARM.Deploy.0 = Debug|iPhoneSimulator
		{9DFCB202-0558-4709-822E-2CF166132310}.Debug|iPhone.ActiveCfg = Debug|iPhone
		{9DFCB202-0558-4709-822E-2CF166132310}.Debug|iPhone.Build.0 = Debug|iPhone
		{9DFCB202-0558-4709-822E-2CF166132310}.Debug|iPhone.Deploy.0 = Debug|iPhone
		{9DFCB202-0558-4709-822E-2CF166132310}.Debug|iPhoneSimulator.ActiveCfg = Debug|iPhoneSimulator
		{9DFCB202-0558-4709-822E-2CF166132310}.Debug|iPhoneSimulator.Build.0 = Debug|iPhoneSimulator
		{9DFCB202-0558-4709-822E-2CF166132310}.Debug|iPhoneSimulator.Deploy.0 = Debug|iPhoneSimulator
		{9DFCB202-0558-4709-822E-2CF166132310}.Debug|x64.ActiveCfg = Debug|iPhone
		{9DFCB202-0558-4709-822E-2CF166132310}.Debug|x64.Build.0 = Debug|iPhone
		{9DFCB202-0558-4709-822E-2CF166132310}.Debug|x64.Deploy.0 = Debug|iPhone
		{9DFCB202-0558-4709-822E-2CF166132310}.Debug|x86.ActiveCfg = Debug|iPhone
		{9DFCB202-0558-4709-822E-2CF166132310}.Debug|x86.Build.0 = Debug|iPhone
		{9DFCB202-0558-4709-822E-2CF166132310}.Debug|x86.Deploy.0 = Debug|iPhone
		{9DFCB202-0558-4709-822E-2CF166132310}.Release|Any CPU.ActiveCfg = Release|iPhone
		{9DFCB202-0558-4709-822E-2CF166132310}.Release|Any CPU.Build.0 = Release|iPhone
		{9DFCB202-0558-4709-822E-2CF166132310}.Release|Any CPU.Deploy.0 = Release|iPhone
		{9DFCB202-0558-4709-822E-2CF166132310}.Release|ARM.ActiveCfg = Release|iPhone
		{9DFCB202-0558-4709-822E-2CF166132310}.Release|ARM.Build.0 = Release|iPhone
		{9DFCB202-0558-4709-822E-2CF166132310}.Release|ARM.Deploy.0 = Release|iPhone
		{9DFCB202-0558-4709-822E-2CF166132310}.Release|iPhone.ActiveCfg = Release|iPhone
		{9DFCB202-0558-4709-822E-2CF166132310}.Release|iPhone.Build.0 = Release|iPhone
		{9DFCB202-0558-4709-822E-2CF166132310}.Release|iPhone.Deploy.0 = Release|iPhone
		{9DFCB202-0558-4709-822E-2CF166132310}.Release|iPhoneSimulator.ActiveCfg = Release|iPhoneSimulator
		{9DFCB202-0558-4709-822E-2CF166132310}.Release|iPhoneSimulator.Build.0 = Release|iPhoneSimulator
		{9DFCB202-0558-4709-822E-2CF166132310}.Release|iPhoneSimulator.Deploy.0 = Release|iPhoneSimulator
		{9DFCB202-0558-4709-822E-2CF166132310}.Release|x64.ActiveCfg = Release|iPhone
		{9DFCB202-0558-4709-822E-2CF166132310}.Release|x64.Build.0 = Release|iPhone
		{9DFCB202-0558-4709-822E-2CF166132310}.Release|x64.Deploy.0 = Release|iPhone
		{9DFCB202-0558-4709-822E-2CF166132310}.Release|x86.ActiveCfg = Release|iPhone
		{9DFCB202-0558-4709-822E-2CF166132310}.Release|x86.Build.0 = Release|iPhone
		{9DFCB202-0558-4709-822E-2CF166132310}.Release|x86.Deploy.0 = Release|iPhone
		{042A5EAB-D4A6-4A39-ACD2-4A022ACBE48F}.Debug|Any CPU.ActiveCfg = Debug|Any CPU
		{042A5EAB-D4A6-4A39-ACD2-4A022ACBE48F}.Debug|Any CPU.Build.0 = Debug|Any CPU
		{042A5EAB-D4A6-4A39-ACD2-4A022ACBE48F}.Debug|Any CPU.Deploy.0 = Debug|Any CPU
		{042A5EAB-D4A6-4A39-ACD2-4A022ACBE48F}.Debug|ARM.ActiveCfg = Debug|Any CPU
		{042A5EAB-D4A6-4A39-ACD2-4A022ACBE48F}.Debug|ARM.Build.0 = Debug|Any CPU
		{042A5EAB-D4A6-4A39-ACD2-4A022ACBE48F}.Debug|ARM.Deploy.0 = Debug|Any CPU
		{042A5EAB-D4A6-4A39-ACD2-4A022ACBE48F}.Debug|iPhone.ActiveCfg = Debug|Any CPU
		{042A5EAB-D4A6-4A39-ACD2-4A022ACBE48F}.Debug|iPhone.Build.0 = Debug|Any CPU
		{042A5EAB-D4A6-4A39-ACD2-4A022ACBE48F}.Debug|iPhone.Deploy.0 = Debug|Any CPU
		{042A5EAB-D4A6-4A39-ACD2-4A022ACBE48F}.Debug|iPhoneSimulator.ActiveCfg = Debug|Any CPU
		{042A5EAB-D4A6-4A39-ACD2-4A022ACBE48F}.Debug|iPhoneSimulator.Build.0 = Debug|Any CPU
		{042A5EAB-D4A6-4A39-ACD2-4A022ACBE48F}.Debug|iPhoneSimulator.Deploy.0 = Debug|Any CPU
		{042A5EAB-D4A6-4A39-ACD2-4A022ACBE48F}.Debug|x64.ActiveCfg = Debug|Any CPU
		{042A5EAB-D4A6-4A39-ACD2-4A022ACBE48F}.Debug|x64.Build.0 = Debug|Any CPU
		{042A5EAB-D4A6-4A39-ACD2-4A022ACBE48F}.Debug|x64.Deploy.0 = Debug|Any CPU
		{042A5EAB-D4A6-4A39-ACD2-4A022ACBE48F}.Debug|x86.ActiveCfg = Debug|Any CPU
		{042A5EAB-D4A6-4A39-ACD2-4A022ACBE48F}.Debug|x86.Build.0 = Debug|Any CPU
		{042A5EAB-D4A6-4A39-ACD2-4A022ACBE48F}.Debug|x86.Deploy.0 = Debug|Any CPU
		{042A5EAB-D4A6-4A39-ACD2-4A022ACBE48F}.Release|Any CPU.ActiveCfg = Release|Any CPU
		{042A5EAB-D4A6-4A39-ACD2-4A022ACBE48F}.Release|Any CPU.Build.0 = Release|Any CPU
		{042A5EAB-D4A6-4A39-ACD2-4A022ACBE48F}.Release|Any CPU.Deploy.0 = Release|Any CPU
		{042A5EAB-D4A6-4A39-ACD2-4A022ACBE48F}.Release|ARM.ActiveCfg = Release|Any CPU
		{042A5EAB-D4A6-4A39-ACD2-4A022ACBE48F}.Release|ARM.Build.0 = Release|Any CPU
		{042A5EAB-D4A6-4A39-ACD2-4A022ACBE48F}.Release|ARM.Deploy.0 = Release|Any CPU
		{042A5EAB-D4A6-4A39-ACD2-4A022ACBE48F}.Release|iPhone.ActiveCfg = Release|Any CPU
		{042A5EAB-D4A6-4A39-ACD2-4A022ACBE48F}.Release|iPhone.Build.0 = Release|Any CPU
		{042A5EAB-D4A6-4A39-ACD2-4A022ACBE48F}.Release|iPhone.Deploy.0 = Release|Any CPU
		{042A5EAB-D4A6-4A39-ACD2-4A022ACBE48F}.Release|iPhoneSimulator.ActiveCfg = Release|Any CPU
		{042A5EAB-D4A6-4A39-ACD2-4A022ACBE48F}.Release|iPhoneSimulator.Build.0 = Release|Any CPU
		{042A5EAB-D4A6-4A39-ACD2-4A022ACBE48F}.Release|iPhoneSimulator.Deploy.0 = Release|Any CPU
		{042A5EAB-D4A6-4A39-ACD2-4A022ACBE48F}.Release|x64.ActiveCfg = Release|Any CPU
		{042A5EAB-D4A6-4A39-ACD2-4A022ACBE48F}.Release|x64.Build.0 = Release|Any CPU
		{042A5EAB-D4A6-4A39-ACD2-4A022ACBE48F}.Release|x64.Deploy.0 = Release|Any CPU
		{042A5EAB-D4A6-4A39-ACD2-4A022ACBE48F}.Release|x86.ActiveCfg = Release|Any CPU
		{042A5EAB-D4A6-4A39-ACD2-4A022ACBE48F}.Release|x86.Build.0 = Release|Any CPU
		{042A5EAB-D4A6-4A39-ACD2-4A022ACBE48F}.Release|x86.Deploy.0 = Release|Any CPU
	EndGlobalSection
	GlobalSection(SolutionProperties) = preSolution
		HideSolutionNode = FALSE
	EndGlobalSection
	GlobalSection(ExtensibilityGlobals) = postSolution
		SolutionGuid = {B2BEDE50-D5D7-40FF-A7C4-7886C9127B2D}
	EndGlobalSection
EndGlobal
